github.com/ajroetker/go-highway v0.0.12 h1:OcGp/l/W7WQtH5ELLuNnKXCuR7ePpWGh2RWZI/INtck=
github.com/ajroetker/go-highway v0.0.12/go.mod h1:un7fcrwix7UOHJrr18Lgh5eeF+1yaZiGWdTw3FbfDv4=
github.com/andybalholm/brotli v1.2.6 h1:ftYnfj6usCp+UGV5kSJ3+chpMQgU+gJf/AxsUQ52REI=
github.com/andybalholm/brotli v1.2.6/go.mod h1:rzTDkvFWvIrjDXZHkuS16NPggd91W3kUSvPlQ1pLaKY=
github.com/go-images/jpeg v0.2.0 h1:dn55cTczPdOJf+NQq+sETCFeov/KeP1haF1ES+FJa+4=
github.com/go-images/jpeg v0.2.0/go.mod h1:2C1DevAM+HaQlysTLbSdyol8X/RlvmsXmHAXs9teAqo=
github.com/go-images/jpeg2000 v0.13.2 h1:wthA3iZkyqWXzNXxd6EjjsrsQ7GOYX7vYZbaI4vU6+I=
github.com/go-images/jpeg2000 v0.13.2/go.mod h1:Qqxz1gBrUwFDBOGkA4RGyTsX7wifr0wvaTQ7k8FK0wY=
github.com/go-opentype/fonts v0.11.0 h1:hu5qaJFOwjD7ffmOE779jvFMHwyNk6TH3xvZvH7QSyY=
github.com/go-opentype/fonts v0.11.0/go.mod h1:ZoWdcfbuV540tYAq2HLMU8j9G49mUWJXPDTGn/rhjDI=
github.com/go-opentype/opentype v0.14.0 h1:gACBuJaKXqViOxBkF1OfX+VYYYalm5hCmooa1JoE/9g=
github.com/go-opentype/opentype v0.14.0/go.mod h1:mjwpNFF4lwZpQazRiKRHbxEh+n1uJPFNc1VciAtqawI=
github.com/tannevaled/gobig2 v0.2.0 h1:yx97/ltljALrIWDFVqHjPUIjAp3bfUUhH8Z8UROvNLc=
github.com/tannevaled/gobig2 v0.2.0/go.mod h1:X0S1H+N35kg6zYgVYRqGMsGj3C35zs+iA2r1MXyPcV4=
github.com/timzifer/stilus v0.9.0 h1:6LisRplrGPdSbLozc+vXd2lt8rLegc1k/8ezJ+9CF3A=
github.com/timzifer/stilus v0.9.0/go.mod h1:J8uybarHVrCcMUgRwrEkZOw5USCYqbIcfqjTGm2pB2o=
github.com/xyproto/randomstring v1.0.5 h1:YtlWPoRdgMu3NZtP45drfy1GKoojuR7hmRcnhZqKjWU=
github.com/xyproto/randomstring v1.0.5/go.mod h1:rgmS5DeNXLivK7YprL0pY+lTuhNQW3iGxZ18UQApw/E=
golang.org/x/sys v0.41.0 h1:Ivj+2Cp/ylzLiEU89QhWblYnOE9zerudt9Ftecq2C6k=
golang.org/x/sys v0.41.0/go.mod h1:OgkHotnGiDImocRcuBABYBEXf8A9a87e/uXjp9XT3ks=
golang.org/x/text v0.42.0 h1:JbOZXgfeCPU9gacVtYliJqOhD+zhrEqK4LfdpmlUZqI=
golang.org/x/text v0.42.0/go.mod h1:ojzP1Z+2QtioaF8DTtO8K5q7JWVVYwZKenzujK0Zd0E=
