github.com/go-opentype/fonts v0.10.0 h1:9f7ik795SlBEJjz6iqBE/ZV2PaTauAj537MMWw9t4OQ=
github.com/go-opentype/fonts v0.10.0/go.mod h1:b+o8v1zDZ6B3GixA398jGILAh09+WwfyoYz52zKe7DA=
github.com/go-opentype/opentype v0.13.0 h1:q9K7IGDfwMP/ik51ZkwiYf6jbaqPfocvAIuojetd0UQ=
github.com/go-opentype/opentype v0.13.0/go.mod h1:AOixevJf7XQaH7+WG+OMIOZEbYPXfMqklVk26Y6YTUU=
github.com/go-pdfkit/pdffont v0.3.1 h1:+K7opHGRERDZ5EMkA12s1GT48t8GpncArhnyzyc5bxU=
github.com/go-pdfkit/pdffont v0.3.1/go.mod h1:eFJ/7t9AvcX76KY5qNJMMKetz8hUUUdVM1qSWLi3S1g=
github.com/go-pdfkit/reader v0.6.0 h1:KAabNOYUcTlZlNBTbG9bEhWP1NiZhjuhzUdavdTdfes=
github.com/go-pdfkit/reader v0.6.0/go.mod h1:fQFOVfCMUui1AdvD4qhimdyvvNr9KvvJ1S7IuKZjyV8=
github.com/timzifer/stilus v0.0.0-20260930091613-3a16d92c14fd h1:RjtMZnbBrJ87sYOEiazTD13biX8yw7z7W8o6iJN8h7k=
github.com/timzifer/stilus v0.0.0-20260930091613-3a16d92c14fd/go.mod h1:J8uybarHVrCcMUgRwrEkZOw5USCYqbIcfqjTGm2pB2o=
